Microsoft Visual Studio Solution File, Format Version 12.00
# Visual Studio Version 18
VisualStudioVersion = 18.9.12112.369
MinimumVisualStudioVersion = 10.0.40219.1
Project("{8BC9CEB8-8B4A-11D0-8D11-00A0C91BC942}") = "JpgSpinner.Domain", "src\JpgSpinner.Domain\JpgSpinner.Domain.vcxproj", "{004936AC-71F4-4208-A8A2-B0AE7B18291E}"
EndProject
Project("{8BC9CEB8-8B4A-11D0-8D11-00A0C91BC942}") = "JpgSpinner.JpegTransformation", "src\JpgSpinner.JpegTransformation\JpgSpinner.JpegTransformation.vcxproj", "{5BF16AEA-B87F-481D-AB2B-E991CA8736C7}"
EndProject
Project("{8BC9CEB8-8B4A-11D0-8D11-00A0C91BC942}") = "JpgSpinner.WindowsStorage", "src\JpgSpinner.WindowsStorage\JpgSpinner.WindowsStorage.vcxproj", "{84F8BC68-06E4-416A-A14B-F3E1FF4464AF}"
EndProject
Project("{8BC9CEB8-8B4A-11D0-8D11-00A0C91BC942}") = "JpgSpinner.BatchProcessing", "src\JpgSpinner.BatchProcessing\JpgSpinner.BatchProcessing.vcxproj", "{47B98640-4C3D-4EB7-B888-9F2C4D84B4BF}"
EndProject
Project("{8BC9CEB8-8B4A-11D0-8D11-00A0C91BC942}") = "JpgSpinner.App", "src\JpgSpinner.App\JpgSpinner.App.vcxproj", "{C771216B-1642-42BA-923F-970286AB4AAF}"
EndProject
Project("{8BC9CEB8-8B4A-11D0-8D11-00A0C91BC942}") = "TestSupport", "tests\TestSupport\TestSupport.vcxproj", "{F04F20B2-B900-46F1-BC12-182B6E6A8A43}"
EndProject
Project("{8BC9CEB8-8B4A-11D0-8D11-00A0C91BC942}") = "JpgSpinner.Domain.Tests", "tests\JpgSpinner.Domain.Tests\JpgSpinner.Domain.Tests.vcxproj", "{FA51A9BB-2B8B-45B4-81AF-EE473CC4E75C}"
EndProject
Project("{8BC9CEB8-8B4A-11D0-8D11-00A0C91BC942}") = "JpgSpinner.JpegTransformation.Tests", "tests\JpgSpinner.JpegTransformation.Tests\JpgSpinner.JpegTransformation.Tests.vcxproj", "{32D5C50D-8C90-427B-A7C4-79F3AB4C795F}"
EndProject
Project("{8BC9CEB8-8B4A-11D0-8D11-00A0C91BC942}") = "JpgSpinner.WindowsStorage.Tests", "tests\JpgSpinner.WindowsStorage.Tests\JpgSpinner.WindowsStorage.Tests.vcxproj", "{D4047BB6-778E-44DB-A904-D6797FF1970B}"
EndProject
Project("{8BC9CEB8-8B4A-11D0-8D11-00A0C91BC942}") = "JpgSpinner.BatchProcessing.Tests", "tests\JpgSpinner.BatchProcessing.Tests\JpgSpinner.BatchProcessing.Tests.vcxproj", "{E8185D37-E69C-4181-988E-E36F50D4AB44}"
EndProject
Project("{8BC9CEB8-8B4A-11D0-8D11-00A0C91BC942}") = "JpgSpinner.Presentation.Tests", "tests\JpgSpinner.Presentation.Tests\JpgSpinner.Presentation.Tests.vcxproj", "{E463CC96-D87F-4427-B9C8-025C0AA28E40}"
EndProject
Project("{8BC9CEB8-8B4A-11D0-8D11-00A0C91BC942}") = "JpgSpinner.FuzzToolchain.Smoke", "fuzz\JpgSpinner.FuzzToolchain.Smoke\JpgSpinner.FuzzToolchain.Smoke.vcxproj", "{06C4AF87-6B1B-47EE-9B25-CCFCF58D80BA}"
EndProject
Project("{8BC9CEB8-8B4A-11D0-8D11-00A0C91BC942}") = "JpgSpinner.JpegSegmentScanner.Fuzz", "fuzz\JpgSpinner.JpegSegmentScanner.Fuzz\JpgSpinner.JpegSegmentScanner.Fuzz.vcxproj", "{76087416-906E-4697-ADBD-F2A6C9049085}"
EndProject
Global
	GlobalSection(SolutionConfigurationPlatforms) = preSolution
		Debug|ARM64 = Debug|ARM64
		Debug|Win32 = Debug|Win32
		Debug|x64 = Debug|x64
		Release|ARM64 = Release|ARM64
		Release|Win32 = Release|Win32
		Release|x64 = Release|x64
	EndGlobalSection
	GlobalSection(ProjectConfigurationPlatforms) = postSolution
		{06C4AF87-6B1B-47EE-9B25-CCFCF58D80BA}.Debug|x64.ActiveCfg = Fuzz|x64
		{06C4AF87-6B1B-47EE-9B25-CCFCF58D80BA}.Release|x64.ActiveCfg = Fuzz|x64
		{76087416-906E-4697-ADBD-F2A6C9049085}.Debug|x64.ActiveCfg = Fuzz|x64
		{76087416-906E-4697-ADBD-F2A6C9049085}.Release|x64.ActiveCfg = Fuzz|x64
		{004936AC-71F4-4208-A8A2-B0AE7B18291E}.Debug|ARM64.ActiveCfg = Debug|ARM64
		{004936AC-71F4-4208-A8A2-B0AE7B18291E}.Debug|ARM64.Build.0 = Debug|ARM64
		{004936AC-71F4-4208-A8A2-B0AE7B18291E}.Debug|Win32.ActiveCfg = Debug|Win32
		{004936AC-71F4-4208-A8A2-B0AE7B18291E}.Debug|Win32.Build.0 = Debug|Win32
		{004936AC-71F4-4208-A8A2-B0AE7B18291E}.Debug|x64.ActiveCfg = Debug|x64
		{004936AC-71F4-4208-A8A2-B0AE7B18291E}.Debug|x64.Build.0 = Debug|x64
		{004936AC-71F4-4208-A8A2-B0AE7B18291E}.Release|ARM64.ActiveCfg = Release|ARM64
		{004936AC-71F4-4208-A8A2-B0AE7B18291E}.Release|ARM64.Build.0 = Release|ARM64
		{004936AC-71F4-4208-A8A2-B0AE7B18291E}.Release|Win32.ActiveCfg = Release|Win32
		{004936AC-71F4-4208-A8A2-B0AE7B18291E}.Release|Win32.Build.0 = Release|Win32
		{004936AC-71F4-4208-A8A2-B0AE7B18291E}.Release|x64.ActiveCfg = Release|x64
		{004936AC-71F4-4208-A8A2-B0AE7B18291E}.Release|x64.Build.0 = Release|x64
		{5BF16AEA-B87F-481D-AB2B-E991CA8736C7}.Debug|ARM64.ActiveCfg = Debug|ARM64
		{5BF16AEA-B87F-481D-AB2B-E991CA8736C7}.Debug|ARM64.Build.0 = Debug|ARM64
		{5BF16AEA-B87F-481D-AB2B-E991CA8736C7}.Debug|Win32.ActiveCfg = Debug|Win32
		{5BF16AEA-B87F-481D-AB2B-E991CA8736C7}.Debug|Win32.Build.0 = Debug|Win32
		{5BF16AEA-B87F-481D-AB2B-E991CA8736C7}.Debug|x64.ActiveCfg = Debug|x64
		{5BF16AEA-B87F-481D-AB2B-E991CA8736C7}.Debug|x64.Build.0 = Debug|x64
		{5BF16AEA-B87F-481D-AB2B-E991CA8736C7}.Release|ARM64.ActiveCfg = Release|ARM64
		{5BF16AEA-B87F-481D-AB2B-E991CA8736C7}.Release|ARM64.Build.0 = Release|ARM64
		{5BF16AEA-B87F-481D-AB2B-E991CA8736C7}.Release|Win32.ActiveCfg = Release|Win32
		{5BF16AEA-B87F-481D-AB2B-E991CA8736C7}.Release|Win32.Build.0 = Release|Win32
		{5BF16AEA-B87F-481D-AB2B-E991CA8736C7}.Release|x64.ActiveCfg = Release|x64
		{5BF16AEA-B87F-481D-AB2B-E991CA8736C7}.Release|x64.Build.0 = Release|x64
		{84F8BC68-06E4-416A-A14B-F3E1FF4464AF}.Debug|ARM64.ActiveCfg = Debug|ARM64
		{84F8BC68-06E4-416A-A14B-F3E1FF4464AF}.Debug|ARM64.Build.0 = Debug|ARM64
		{84F8BC68-06E4-416A-A14B-F3E1FF4464AF}.Debug|Win32.ActiveCfg = Debug|Win32
		{84F8BC68-06E4-416A-A14B-F3E1FF4464AF}.Debug|Win32.Build.0 = Debug|Win32
		{84F8BC68-06E4-416A-A14B-F3E1FF4464AF}.Debug|x64.ActiveCfg = Debug|x64
		{84F8BC68-06E4-416A-A14B-F3E1FF4464AF}.Debug|x64.Build.0 = Debug|x64
		{84F8BC68-06E4-416A-A14B-F3E1FF4464AF}.Release|ARM64.ActiveCfg = Release|ARM64
		{84F8BC68-06E4-416A-A14B-F3E1FF4464AF}.Release|ARM64.Build.0 = Release|ARM64
		{84F8BC68-06E4-416A-A14B-F3E1FF4464AF}.Release|Win32.ActiveCfg = Release|Win32
		{84F8BC68-06E4-416A-A14B-F3E1FF4464AF}.Release|Win32.Build.0 = Release|Win32
		{84F8BC68-06E4-416A-A14B-F3E1FF4464AF}.Release|x64.ActiveCfg = Release|x64
		{84F8BC68-06E4-416A-A14B-F3E1FF4464AF}.Release|x64.Build.0 = Release|x64
		{47B98640-4C3D-4EB7-B888-9F2C4D84B4BF}.Debug|ARM64.ActiveCfg = Debug|ARM64
		{47B98640-4C3D-4EB7-B888-9F2C4D84B4BF}.Debug|ARM64.Build.0 = Debug|ARM64
		{47B98640-4C3D-4EB7-B888-9F2C4D84B4BF}.Debug|Win32.ActiveCfg = Debug|Win32
		{47B98640-4C3D-4EB7-B888-9F2C4D84B4BF}.Debug|Win32.Build.0 = Debug|Win32
		{47B98640-4C3D-4EB7-B888-9F2C4D84B4BF}.Debug|x64.ActiveCfg = Debug|x64
		{47B98640-4C3D-4EB7-B888-9F2C4D84B4BF}.Debug|x64.Build.0 = Debug|x64
		{47B98640-4C3D-4EB7-B888-9F2C4D84B4BF}.Release|ARM64.ActiveCfg = Release|ARM64
		{47B98640-4C3D-4EB7-B888-9F2C4D84B4BF}.Release|ARM64.Build.0 = Release|ARM64
		{47B98640-4C3D-4EB7-B888-9F2C4D84B4BF}.Release|Win32.ActiveCfg = Release|Win32
		{47B98640-4C3D-4EB7-B888-9F2C4D84B4BF}.Release|Win32.Build.0 = Release|Win32
		{47B98640-4C3D-4EB7-B888-9F2C4D84B4BF}.Release|x64.ActiveCfg = Release|x64
		{47B98640-4C3D-4EB7-B888-9F2C4D84B4BF}.Release|x64.Build.0 = Release|x64
		{C771216B-1642-42BA-923F-970286AB4AAF}.Debug|ARM64.ActiveCfg = Debug|ARM64
		{C771216B-1642-42BA-923F-970286AB4AAF}.Debug|ARM64.Build.0 = Debug|ARM64
		{C771216B-1642-42BA-923F-970286AB4AAF}.Debug|Win32.ActiveCfg = Debug|Win32
		{C771216B-1642-42BA-923F-970286AB4AAF}.Debug|Win32.Build.0 = Debug|Win32
		{C771216B-1642-42BA-923F-970286AB4AAF}.Debug|x64.ActiveCfg = Debug|x64
		{C771216B-1642-42BA-923F-970286AB4AAF}.Debug|x64.Build.0 = Debug|x64
		{C771216B-1642-42BA-923F-970286AB4AAF}.Release|ARM64.ActiveCfg = Release|ARM64
		{C771216B-1642-42BA-923F-970286AB4AAF}.Release|ARM64.Build.0 = Release|ARM64
		{C771216B-1642-42BA-923F-970286AB4AAF}.Release|Win32.ActiveCfg = Release|Win32
		{C771216B-1642-42BA-923F-970286AB4AAF}.Release|Win32.Build.0 = Release|Win32
		{C771216B-1642-42BA-923F-970286AB4AAF}.Release|x64.ActiveCfg = Release|x64
		{C771216B-1642-42BA-923F-970286AB4AAF}.Release|x64.Build.0 = Release|x64
		{F04F20B2-B900-46F1-BC12-182B6E6A8A43}.Debug|ARM64.ActiveCfg = Debug|ARM64
		{F04F20B2-B900-46F1-BC12-182B6E6A8A43}.Debug|ARM64.Build.0 = Debug|ARM64
		{F04F20B2-B900-46F1-BC12-182B6E6A8A43}.Debug|Win32.ActiveCfg = Debug|Win32
		{F04F20B2-B900-46F1-BC12-182B6E6A8A43}.Debug|Win32.Build.0 = Debug|Win32
		{F04F20B2-B900-46F1-BC12-182B6E6A8A43}.Debug|x64.ActiveCfg = Debug|x64
		{F04F20B2-B900-46F1-BC12-182B6E6A8A43}.Debug|x64.Build.0 = Debug|x64
		{F04F20B2-B900-46F1-BC12-182B6E6A8A43}.Release|ARM64.ActiveCfg = Release|ARM64
		{F04F20B2-B900-46F1-BC12-182B6E6A8A43}.Release|ARM64.Build.0 = Release|ARM64
		{F04F20B2-B900-46F1-BC12-182B6E6A8A43}.Release|Win32.ActiveCfg = Release|Win32
		{F04F20B2-B900-46F1-BC12-182B6E6A8A43}.Release|Win32.Build.0 = Release|Win32
		{F04F20B2-B900-46F1-BC12-182B6E6A8A43}.Release|x64.ActiveCfg = Release|x64
		{F04F20B2-B900-46F1-BC12-182B6E6A8A43}.Release|x64.Build.0 = Release|x64
		{FA51A9BB-2B8B-45B4-81AF-EE473CC4E75C}.Debug|ARM64.ActiveCfg = Debug|ARM64
		{FA51A9BB-2B8B-45B4-81AF-EE473CC4E75C}.Debug|ARM64.Build.0 = Debug|ARM64
		{FA51A9BB-2B8B-45B4-81AF-EE473CC4E75C}.Debug|Win32.ActiveCfg = Debug|Win32
		{FA51A9BB-2B8B-45B4-81AF-EE473CC4E75C}.Debug|Win32.Build.0 = Debug|Win32
		{FA51A9BB-2B8B-45B4-81AF-EE473CC4E75C}.Debug|x64.ActiveCfg = Debug|x64
		{FA51A9BB-2B8B-45B4-81AF-EE473CC4E75C}.Debug|x64.Build.0 = Debug|x64
		{FA51A9BB-2B8B-45B4-81AF-EE473CC4E75C}.Release|ARM64.ActiveCfg = Release|ARM64
		{FA51A9BB-2B8B-45B4-81AF-EE473CC4E75C}.Release|ARM64.Build.0 = Release|ARM64
		{FA51A9BB-2B8B-45B4-81AF-EE473CC4E75C}.Release|Win32.ActiveCfg = Release|Win32
		{FA51A9BB-2B8B-45B4-81AF-EE473CC4E75C}.Release|Win32.Build.0 = Release|Win32
		{FA51A9BB-2B8B-45B4-81AF-EE473CC4E75C}.Release|x64.ActiveCfg = Release|x64
		{FA51A9BB-2B8B-45B4-81AF-EE473CC4E75C}.Release|x64.Build.0 = Release|x64
		{32D5C50D-8C90-427B-A7C4-79F3AB4C795F}.Debug|ARM64.ActiveCfg = Debug|ARM64
		{32D5C50D-8C90-427B-A7C4-79F3AB4C795F}.Debug|ARM64.Build.0 = Debug|ARM64
		{32D5C50D-8C90-427B-A7C4-79F3AB4C795F}.Debug|Win32.ActiveCfg = Debug|Win32
		{32D5C50D-8C90-427B-A7C4-79F3AB4C795F}.Debug|Win32.Build.0 = Debug|Win32
		{32D5C50D-8C90-427B-A7C4-79F3AB4C795F}.Debug|x64.ActiveCfg = Debug|x64
		{32D5C50D-8C90-427B-A7C4-79F3AB4C795F}.Debug|x64.Build.0 = Debug|x64
		{32D5C50D-8C90-427B-A7C4-79F3AB4C795F}.Release|ARM64.ActiveCfg = Release|ARM64
		{32D5C50D-8C90-427B-A7C4-79F3AB4C795F}.Release|ARM64.Build.0 = Release|ARM64
		{32D5C50D-8C90-427B-A7C4-79F3AB4C795F}.Release|Win32.ActiveCfg = Release|Win32
		{32D5C50D-8C90-427B-A7C4-79F3AB4C795F}.Release|Win32.Build.0 = Release|Win32
		{32D5C50D-8C90-427B-A7C4-79F3AB4C795F}.Release|x64.ActiveCfg = Release|x64
		{32D5C50D-8C90-427B-A7C4-79F3AB4C795F}.Release|x64.Build.0 = Release|x64
		{D4047BB6-778E-44DB-A904-D6797FF1970B}.Debug|ARM64.ActiveCfg = Debug|ARM64
		{D4047BB6-778E-44DB-A904-D6797FF1970B}.Debug|ARM64.Build.0 = Debug|ARM64
		{D4047BB6-778E-44DB-A904-D6797FF1970B}.Debug|Win32.ActiveCfg = Debug|Win32
		{D4047BB6-778E-44DB-A904-D6797FF1970B}.Debug|Win32.Build.0 = Debug|Win32
		{D4047BB6-778E-44DB-A904-D6797FF1970B}.Debug|x64.ActiveCfg = Debug|x64
		{D4047BB6-778E-44DB-A904-D6797FF1970B}.Debug|x64.Build.0 = Debug|x64
		{D4047BB6-778E-44DB-A904-D6797FF1970B}.Release|ARM64.ActiveCfg = Release|ARM64
		{D4047BB6-778E-44DB-A904-D6797FF1970B}.Release|ARM64.Build.0 = Release|ARM64
		{D4047BB6-778E-44DB-A904-D6797FF1970B}.Release|Win32.ActiveCfg = Release|Win32
		{D4047BB6-778E-44DB-A904-D6797FF1970B}.Release|Win32.Build.0 = Release|Win32
		{D4047BB6-778E-44DB-A904-D6797FF1970B}.Release|x64.ActiveCfg = Release|x64
		{D4047BB6-778E-44DB-A904-D6797FF1970B}.Release|x64.Build.0 = Release|x64
		{E8185D37-E69C-4181-988E-E36F50D4AB44}.Debug|ARM64.ActiveCfg = Debug|ARM64
		{E8185D37-E69C-4181-988E-E36F50D4AB44}.Debug|ARM64.Build.0 = Debug|ARM64
		{E8185D37-E69C-4181-988E-E36F50D4AB44}.Debug|Win32.ActiveCfg = Debug|Win32
		{E8185D37-E69C-4181-988E-E36F50D4AB44}.Debug|Win32.Build.0 = Debug|Win32
		{E8185D37-E69C-4181-988E-E36F50D4AB44}.Debug|x64.ActiveCfg = Debug|x64
		{E8185D37-E69C-4181-988E-E36F50D4AB44}.Debug|x64.Build.0 = Debug|x64
		{E8185D37-E69C-4181-988E-E36F50D4AB44}.Release|ARM64.ActiveCfg = Release|ARM64
		{E8185D37-E69C-4181-988E-E36F50D4AB44}.Release|ARM64.Build.0 = Release|ARM64
		{E8185D37-E69C-4181-988E-E36F50D4AB44}.Release|Win32.ActiveCfg = Release|Win32
		{E8185D37-E69C-4181-988E-E36F50D4AB44}.Release|Win32.Build.0 = Release|Win32
		{E8185D37-E69C-4181-988E-E36F50D4AB44}.Release|x64.ActiveCfg = Release|x64
		{E8185D37-E69C-4181-988E-E36F50D4AB44}.Release|x64.Build.0 = Release|x64
		{E463CC96-D87F-4427-B9C8-025C0AA28E40}.Debug|ARM64.ActiveCfg = Debug|ARM64
		{E463CC96-D87F-4427-B9C8-025C0AA28E40}.Debug|ARM64.Build.0 = Debug|ARM64
		{E463CC96-D87F-4427-B9C8-025C0AA28E40}.Debug|Win32.ActiveCfg = Debug|Win32
		{E463CC96-D87F-4427-B9C8-025C0AA28E40}.Debug|Win32.Build.0 = Debug|Win32
		{E463CC96-D87F-4427-B9C8-025C0AA28E40}.Debug|x64.ActiveCfg = Debug|x64
		{E463CC96-D87F-4427-B9C8-025C0AA28E40}.Debug|x64.Build.0 = Debug|x64
		{E463CC96-D87F-4427-B9C8-025C0AA28E40}.Release|ARM64.ActiveCfg = Release|ARM64
		{E463CC96-D87F-4427-B9C8-025C0AA28E40}.Release|ARM64.Build.0 = Release|ARM64
		{E463CC96-D87F-4427-B9C8-025C0AA28E40}.Release|Win32.ActiveCfg = Release|Win32
		{E463CC96-D87F-4427-B9C8-025C0AA28E40}.Release|Win32.Build.0 = Release|Win32
		{E463CC96-D87F-4427-B9C8-025C0AA28E40}.Release|x64.ActiveCfg = Release|x64
		{E463CC96-D87F-4427-B9C8-025C0AA28E40}.Release|x64.Build.0 = Release|x64
	EndGlobalSection
	GlobalSection(SolutionProperties) = preSolution
		HideSolutionNode = FALSE
	EndGlobalSection
	GlobalSection(ExtensibilityGlobals) = postSolution
		SolutionGuid = {86557A49-0D46-4EC3-AA30-AD7A6E0C56C2}
	EndGlobalSection
EndGlobal
