<?xml version="1.0" encoding="utf-8"?>
<Project ToolsVersion="12.0" xmlns="http://schemas.microsoft.com/developer/msbuild/2003">
  <ItemGroup>
    <Filter Include="Common">
      <UniqueIdentifier>7c67da73-97ab-4ff4-a365-b3e34b36e3cd</UniqueIdentifier>
    </Filter>
    <Filter Include="Assets">
      <UniqueIdentifier>36edea22-00b0-497b-ad31-50d041a6da5f</UniqueIdentifier>
      <Extensions>bmp;fbx;gif;jpg;jpeg;tga;tiff;tif;png</Extensions>
    </Filter>
    <Image Include="Assets\Logo.scale-100.png">
      <Filter>Assets</Filter>
    </Image>
    <Image Include="Assets\SmallLogo.scale-100.png">
      <Filter>Assets</Filter>
    </Image>
    <Image Include="Assets\StoreLogo.scale-100.png">
      <Filter>Assets</Filter>
    </Image>
    <Image Include="Assets\SplashScreen.scale-100.png">
      <Filter>Assets</Filter>
    </Image>
  </ItemGroup>
  <ItemGroup>
    <ApplicationDefinition Include="App.xaml" />
  </ItemGroup>
  <ItemGroup>
    <ClCompile Include="App.xaml.cpp" />
    <ClCompile Include="MainPage.xaml.cpp" />
    <ClCompile Include="pch.cpp" />
    <ClCompile Include="cdjpeg.c" />
    <ClCompile Include="transupp.c" />
    <ClCompile Include="jidctfst.c" />
    <ClCompile Include="jidctint.c" />
    <ClCompile Include="jmemmgr.c" />
    <ClCompile Include="jmemnobs.c" />
    <ClCompile Include="jquant1.c" />
    <ClCompile Include="jquant2.c" />
    <ClCompile Include="jutils.c" />
    <ClCompile Include="jaricom.c" />
    <ClCompile Include="jcapimin.c" />
    <ClCompile Include="jcapistd.c" />
    <ClCompile Include="jcarith.c" />
    <ClCompile Include="jccoefct.c" />
    <ClCompile Include="jccolor.c" />
    <ClCompile Include="jcdctmgr.c" />
    <ClCompile Include="jchuff.c" />
    <ClCompile Include="jcinit.c" />
    <ClCompile Include="jcmainct.c" />
    <ClCompile Include="jcmarker.c" />
    <ClCompile Include="jcmaster.c" />
    <ClCompile Include="jcomapi.c" />
    <ClCompile Include="jcparam.c" />
    <ClCompile Include="jcprepct.c" />
    <ClCompile Include="jcsample.c" />
    <ClCompile Include="jctrans.c" />
    <ClCompile Include="jdapimin.c" />
    <ClCompile Include="jdapistd.c" />
    <ClCompile Include="jdarith.c" />
    <ClCompile Include="jdatadst.c" />
    <ClCompile Include="jdatasrc.c" />
    <ClCompile Include="jdcoefct.c" />
    <ClCompile Include="jdcolor.c" />
    <ClCompile Include="jddctmgr.c" />
    <ClCompile Include="jdhuff.c" />
    <ClCompile Include="jdinput.c" />
    <ClCompile Include="jdmainct.c" />
    <ClCompile Include="jdmarker.c" />
    <ClCompile Include="jdmaster.c" />
    <ClCompile Include="jdmerge.c" />
    <ClCompile Include="jdpostct.c" />
    <ClCompile Include="jdsample.c" />
    <ClCompile Include="jdtrans.c" />
    <ClCompile Include="jerror.c" />
    <ClCompile Include="jfdctflt.c" />
    <ClCompile Include="jfdctfst.c" />
    <ClCompile Include="jfdctint.c" />
    <ClCompile Include="jidctflt.c" />
  </ItemGroup>
  <ItemGroup>
    <ClInclude Include="pch.h" />
    <ClInclude Include="App.xaml.h" />
    <ClInclude Include="MainPage.xaml.h" />
    <ClInclude Include="cderror.h" />
    <ClInclude Include="cdjpeg.h" />
    <ClInclude Include="jconfig.h" />
    <ClInclude Include="jerror.h" />
    <ClInclude Include="jinclude.h" />
    <ClInclude Include="jmorecfg.h" />
    <ClInclude Include="jpegint.h" />
    <ClInclude Include="jpeglib.h" />
    <ClInclude Include="transupp.h" />
    <ClInclude Include="jdct.h" />
    <ClInclude Include="jmemsys.h" />
    <ClInclude Include="jversion.h" />
  </ItemGroup>
  <ItemGroup>
    <AppxManifest Include="Package.appxmanifest" />
  </ItemGroup>
  <ItemGroup>
    <None Include="JPG Spinner_TemporaryKey.pfx" />
  </ItemGroup>
  <ItemGroup>
    <Page Include="MainPage.xaml" />
  </ItemGroup>
</Project>